// !$*UTF8*$!
{
	archiveVersion = 1;
	classes = {
	};
	objectVersion = 56;
	objects = {

/* Begin PBXBuildFile section */
		BD19EB352C189AE70092676A /* GeoPacApp.swift in Sources */ = {isa = PBXBuildFile; fileRef = BD19EB342C189AE70092676A /* GeoPacApp.swift */; };
		BD19EB372C189AE70092676A /* ContentView.swift in Sources */ = {isa = PBXBuildFile; fileRef = BD19EB362C189AE70092676A /* ContentView.swift */; };
		BD19EB3C2C189AE90092676A /* Preview Assets.xcassets in Resources */ = {isa = PBXBuildFile; fileRef = BD19EB3B2C189AE90092676A /* Preview Assets.xcassets */; };
		BD19EB612C18CC440092676A /* login.swift in Sources */ = {isa = PBXBuildFile; fileRef = BD19EB602C18CC440092676A /* login.swift */; };
		BD19EB652C18CFAB0092676A /* mainHome.swift in Sources */ = {isa = PBXBuildFile; fileRef = BD19EB642C18CFAB0092676A /* mainHome.swift */; };
		BD19EB672C1A388D0092676A /* key.swift in Sources */ = {isa = PBXBuildFile; fileRef = BD19EB662C1A388D0092676A /* key.swift */; };
		BD19EB692C1A3F390092676A /* Page1.swift in Sources */ = {isa = PBXBuildFile; fileRef = BD19EB682C1A3F390092676A /* Page1.swift */; };
		BD19EB6B2C1A3F8F0092676A /* NewYork.swift in Sources */ = {isa = PBXBuildFile; fileRef = BD19EB6A2C1A3F8F0092676A /* NewYork.swift */; };
		BD44C66E2C1B5C83005D1357 /* pack1.swift in Sources */ = {isa = PBXBuildFile; fileRef = BD44C66D2C1B5C83005D1357 /* pack1.swift */; };
		BD44C6702C1B5CB6005D1357 /* NewToDoView.swift in Sources */ = {isa = PBXBuildFile; fileRef = BD44C66F2C1B5CB6005D1357 /* NewToDoView.swift */; };
		BD44C6722C1B5CD3005D1357 /* ToDoItem.swift in Sources */ = {isa = PBXBuildFile; fileRef = BD44C6712C1B5CD3005D1357 /* ToDoItem.swift */; };
		BD44C6742C1B6C46005D1357 /* Assets.xcassets in Resources */ = {isa = PBXBuildFile; fileRef = BD44C6732C1B6C46005D1357 /* Assets.xcassets */; };
		BD44C6762C1B71E4005D1357 /* France2.swift in Sources */ = {isa = PBXBuildFile; fileRef = BD44C6752C1B71E4005D1357 /* France2.swift */; };
		BD44C6782C1B7252005D1357 /* LouvreMuseum.swift in Sources */ = {isa = PBXBuildFile; fileRef = BD44C6772C1B7252005D1357 /* LouvreMuseum.swift */; };
		BD44C67A2C1B7FBE005D1357 /* newY.swift in Sources */ = {isa = PBXBuildFile; fileRef = BD44C6792C1B7FBE005D1357 /* newY.swift */; };
		BD44C67E2C1B800F005D1357 /* NiagaraFalls.swift in Sources */ = {isa = PBXBuildFile; fileRef = BD44C67D2C1B800F005D1357 /* NiagaraFalls.swift */; };
		BD44C6802C1B802E005D1357 /* StatueOfLiberty.swift in Sources */ = {isa = PBXBuildFile; fileRef = BD44C67F2C1B802E005D1357 /* StatueOfLiberty.swift */; };
		BDE7FFAE2C1C8FEE00C74A10 /* mmm.swift in Sources */ = {isa = PBXBuildFile; fileRef = BDE7FFAD2C1C8FEE00C74A10 /* mmm.swift */; };
/* End PBXBuildFile section */

/* Begin PBXFileReference section */
		BD19EB312C189AE70092676A /* GeoPac.app */ = {isa = PBXFileReference; explicitFileType = wrapper.application; includeInIndex = 0; path = GeoPac.app; sourceTree = BUILT_PRODUCTS_DIR; };
		BD19EB342C189AE70092676A /* GeoPacApp.swift */ = {isa = PBXFileReference; lastKnownFileType = sourcecode.swift; path = GeoPacApp.swift; sourceTree = "<group>"; };
		BD19EB362C189AE70092676A /* ContentView.swift */ = {isa = PBXFileReference; lastKnownFileType = sourcecode.swift; path = ContentView.swift; sourceTree = "<group>"; };
		BD19EB3B2C189AE90092676A /* Preview Assets.xcassets */ = {isa = PBXFileReference; lastKnownFileType = folder.assetcatalog; path = "Preview Assets.xcassets"; sourceTree = "<group>"; };
		BD19EB602C18CC440092676A /* login.swift */ = {isa = PBXFileReference; lastKnownFileType = sourcecode.swift; path = login.swift; sourceTree = "<group>"; };
		BD19EB642C18CFAB0092676A /* mainHome.swift */ = {isa = PBXFileReference; lastKnownFileType = sourcecode.swift; path = mainHome.swift; sourceTree = "<group>"; };
		BD19EB662C1A388D0092676A /* key.swift */ = {isa = PBXFileReference; lastKnownFileType = sourcecode.swift; path = key.swift; sourceTree = "<group>"; };
		BD19EB682C1A3F390092676A /* Page1.swift */ = {isa = PBXFileReference; lastKnownFileType = sourcecode.swift; path = Page1.swift; sourceTree = "<group>"; };
		BD19EB6A2C1A3F8F0092676A /* NewYork.swift */ = {isa = PBXFileReference; lastKnownFileType = sourcecode.swift; path = NewYork.swift; sourceTree = "<group>"; };
		BD44C66D2C1B5C83005D1357 /* pack1.swift */ = {isa = PBXFileReference; lastKnownFileType = sourcecode.swift; path = pack1.swift; sourceTree = "<group>"; };
		BD44C66F2C1B5CB6005D1357 /* NewToDoView.swift */ = {isa = PBXFileReference; lastKnownFileType = sourcecode.swift; path = NewToDoView.swift; sourceTree = "<group>"; };
		BD44C6712C1B5CD3005D1357 /* ToDoItem.swift */ = {isa = PBXFileReference; lastKnownFileType = sourcecode.swift; path = ToDoItem.swift; sourceTree = "<group>"; };
		BD44C6732C1B6C46005D1357 /* Assets.xcassets */ = {isa = PBXFileReference; lastKnownFileType = folder.assetcatalog; name = Assets.xcassets; path = "GeoPac/Preview Content/Assets.xcassets"; sourceTree = "<group>"; };
		BD44C6752C1B71E4005D1357 /* France2.swift */ = {isa = PBXFileReference; lastKnownFileType = sourcecode.swift; path = France2.swift; sourceTree = "<group>"; };
		BD44C6772C1B7252005D1357 /* LouvreMuseum.swift */ = {isa = PBXFileReference; lastKnownFileType = sourcecode.swift; path = LouvreMuseum.swift; sourceTree = "<group>"; };
		BD44C6792C1B7FBE005D1357 /* newY.swift */ = {isa = PBXFileReference; lastKnownFileType = sourcecode.swift; path = newY.swift; sourceTree = "<group>"; };
		BD44C67D2C1B800F005D1357 /* NiagaraFalls.swift */ = {isa = PBXFileReference; lastKnownFileType = sourcecode.swift; path = NiagaraFalls.swift; sourceTree = "<group>"; };
		BD44C67F2C1B802E005D1357 /* StatueOfLiberty.swift */ = {isa = PBXFileReference; lastKnownFileType = sourcecode.swift; path = StatueOfLiberty.swift; sourceTree = "<group>"; };
		BDE7FFAD2C1C8FEE00C74A10 /* mmm.swift */ = {isa = PBXFileReference; lastKnownFileType = sourcecode.swift; path = mmm.swift; sourceTree = "<group>"; };
/* End PBXFileReference section */

/* Begin PBXFrameworksBuildPhase section */
		BD19EB2E2C189AE70092676A /* Frameworks */ = {
			isa = PBXFrameworksBuildPhase;
			buildActionMask = 2147483647;
			files = (
			);
			runOnlyForDeploymentPostprocessing = 0;
		};
/* End PBXFrameworksBuildPhase section */

/* Begin PBXGroup section */
		BD19EB282C189AE70092676A = {
			isa = PBXGroup;
			children = (
				BD44C6732C1B6C46005D1357 /* Assets.xcassets */,
				BD19EB332C189AE70092676A /* GeoPac */,
				BD19EB322C189AE70092676A /* Products */,
			);
			sourceTree = "<group>";
		};
		BD19EB322C189AE70092676A /* Products */ = {
			isa = PBXGroup;
			children = (
				BD19EB312C189AE70092676A /* GeoPac.app */,
			);
			name = Products;
			sourceTree = "<group>";
		};
		BD19EB332C189AE70092676A /* GeoPac */ = {
			isa = PBXGroup;
			children = (
				BD44C66F2C1B5CB6005D1357 /* NewToDoView.swift */,
				BD44C6712C1B5CD3005D1357 /* ToDoItem.swift */,
				BD44C66D2C1B5C83005D1357 /* pack1.swift */,
				BD44C67F2C1B802E005D1357 /* StatueOfLiberty.swift */,
				BD44C67D2C1B800F005D1357 /* NiagaraFalls.swift */,
				BD19EB342C189AE70092676A /* GeoPacApp.swift */,
				BD19EB362C189AE70092676A /* ContentView.swift */,
				BD19EB642C18CFAB0092676A /* mainHome.swift */,
				BDE7FFAD2C1C8FEE00C74A10 /* mmm.swift */,
				BD44C6752C1B71E4005D1357 /* France2.swift */,
				BD44C6792C1B7FBE005D1357 /* newY.swift */,
				BD44C6772C1B7252005D1357 /* LouvreMuseum.swift */,
				BD19EB6A2C1A3F8F0092676A /* NewYork.swift */,
				BD19EB682C1A3F390092676A /* Page1.swift */,
				BD19EB662C1A388D0092676A /* key.swift */,
				BD19EB602C18CC440092676A /* login.swift */,
				BD19EB3A2C189AE90092676A /* Preview Content */,
			);
			path = GeoPac;
			sourceTree = "<group>";
		};
		BD19EB3A2C189AE90092676A /* Preview Content */ = {
			isa = PBXGroup;
			children = (
				BD19EB3B2C189AE90092676A /* Preview Assets.xcassets */,
			);
			path = "Preview Content";
			sourceTree = "<group>";
		};
/* End PBXGroup section */

/* Begin PBXNativeTarget section */
		BD19EB302C189AE70092676A /* GeoPac */ = {
			isa = PBXNativeTarget;
			buildConfigurationList = BD19EB3F2C189AE90092676A /* Build configuration list for PBXNativeTarget "GeoPac" */;
			buildPhases = (
				BD19EB2D2C189AE70092676A /* Sources */,
				BD19EB2E2C189AE70092676A /* Frameworks */,
				BD19EB2F2C189AE70092676A /* Resources */,
			);
			buildRules = (
			);
			dependencies = (
			);
			name = GeoPac;
			productName = GeoPac;
			productReference = BD19EB312C189AE70092676A /* GeoPac.app */;
			productType = "com.apple.product-type.application";
		};
/* End PBXNativeTarget section */

/* Begin PBXProject section */
		BD19EB292C189AE70092676A /* Project object */ = {
			isa = PBXProject;
			attributes = {
				BuildIndependentTargetsInParallel = 1;
				LastSwiftUpdateCheck = 1540;
				LastUpgradeCheck = 1540;
				TargetAttributes = {
					BD19EB302C189AE70092676A = {
						CreatedOnToolsVersion = 15.4;
					};
				};
			};
			buildConfigurationList = BD19EB2C2C189AE70092676A /* Build configuration list for PBXProject "GeoPac" */;
			compatibilityVersion = "Xcode 14.0";
			developmentRegion = en;
			hasScannedForEncodings = 0;
			knownRegions = (
				en,
				Base,
			);
			mainGroup = BD19EB282C189AE70092676A;
			productRefGroup = BD19EB322C189AE70092676A /* Products */;
			projectDirPath = "";
			projectRoot = "";
			targets = (
				BD19EB302C189AE70092676A /* GeoPac */,
			);
		};
/* End PBXProject section */

/* Begin PBXResourcesBuildPhase section */
		BD19EB2F2C189AE70092676A /* Resources */ = {
			isa = PBXResourcesBuildPhase;
			buildActionMask = 2147483647;
			files = (
				BD44C6742C1B6C46005D1357 /* Assets.xcassets in Resources */,
				BD19EB3C2C189AE90092676A /* Preview Assets.xcassets in Resources */,
			);
			runOnlyForDeploymentPostprocessing = 0;
		};
/* End PBXResourcesBuildPhase section */

/* Begin PBXSourcesBuildPhase section */
		BD19EB2D2C189AE70092676A /* Sources */ = {
			isa = PBXSourcesBuildPhase;
			buildActionMask = 2147483647;
			files = (
				BD44C6702C1B5CB6005D1357 /* NewToDoView.swift in Sources */,
				BD19EB372C189AE70092676A /* ContentView.swift in Sources */,
				BD44C6722C1B5CD3005D1357 /* ToDoItem.swift in Sources */,
				BD19EB612C18CC440092676A /* login.swift in Sources */,
				BD44C6762C1B71E4005D1357 /* France2.swift in Sources */,
				BD19EB6B2C1A3F8F0092676A /* NewYork.swift in Sources */,
				BD44C6782C1B7252005D1357 /* LouvreMuseum.swift in Sources */,
				BD44C6802C1B802E005D1357 /* StatueOfLiberty.swift in Sources */,
				BD19EB692C1A3F390092676A /* Page1.swift in Sources */,
				BD19EB352C189AE70092676A /* GeoPacApp.swift in Sources */,
				BD19EB652C18CFAB0092676A /* mainHome.swift in Sources */,
				BDE7FFAE2C1C8FEE00C74A10 /* mmm.swift in Sources */,
				BD44C67E2C1B800F005D1357 /* NiagaraFalls.swift in Sources */,
				BD44C66E2C1B5C83005D1357 /* pack1.swift in Sources */,
				BD44C67A2C1B7FBE005D1357 /* newY.swift in Sources */,
				BD19EB672C1A388D0092676A /* key.swift in Sources */,
			);
			runOnlyForDeploymentPostprocessing = 0;
		};
/* End PBXSourcesBuildPhase section */

/* Begin XCBuildConfiguration section */
		BD19EB3D2C189AE90092676A /* Debug */ = {
			isa = XCBuildConfiguration;
			buildSettings = {
				ALWAYS_SEARCH_USER_PATHS = NO;
				ASSETCATALOG_COMPILER_GENERATE_SWIFT_ASSET_SYMBOL_EXTENSIONS = YES;
				CLANG_ANALYZER_NONNULL = YES;
				CLANG_ANALYZER_NUMBER_OBJECT_CONVERSION = YES_AGGRESSIVE;
				CLANG_CXX_LANGUAGE_STANDARD = "gnu++20";
				CLANG_ENABLE_MODULES = YES;
				CLANG_ENABLE_OBJC_ARC = YES;
				CLANG_ENABLE_OBJC_WEAK = YES;
				CLANG_WARN_BLOCK_CAPTURE_AUTORELEASING = YES;
				CLANG_WARN_BOOL_CONVERSION = YES;
				CLANG_WARN_COMMA = YES;
				CLANG_WARN_CONSTANT_CONVERSION = YES;
				CLANG_WARN_DEPRECATED_OBJC_IMPLEMENTATIONS = YES;
				CLANG_WARN_DIRECT_OBJC_ISA_USAGE = YES_ERROR;
				CLANG_WARN_DOCUMENTATION_COMMENTS = YES;
				CLANG_WARN_EMPTY_BODY = YES;
				CLANG_WARN_ENUM_CONVERSION = YES;
				CLANG_WARN_INFINITE_RECURSION = YES;
				CLANG_WARN_INT_CONVERSION = YES;
				CLANG_WARN_NON_LITERAL_NULL_CONVERSION = YES;
				CLANG_WARN_OBJC_IMPLICIT_RETAIN_SELF = YES;
				CLANG_WARN_OBJC_LITERAL_CONVERSION = YES;
				CLANG_WARN_OBJC_ROOT_CLASS = YES_ERROR;
				CLANG_WARN_QUOTED_INCLUDE_IN_FRAMEWORK_HEADER = YES;
				CLANG_WARN_RANGE_LOOP_ANALYSIS = YES;
				CLANG_WARN_STRICT_PROTOTYPES = YES;
				CLANG_WARN_SUSPICIOUS_MOVE = YES;
				CLANG_WARN_UNGUARDED_AVAILABILITY = YES_AGGRESSIVE;
				CLANG_WARN_UNREACHABLE_CODE = YES;
				CLANG_WARN__DUPLICATE_METHOD_MATCH = YES;
				COPY_PHASE_STRIP = NO;
				DEBUG_INFORMATION_FORMAT = dwarf;
				ENABLE_STRICT_OBJC_MSGSEND = YES;
				ENABLE_TESTABILITY = YES;
				ENABLE_USER_SCRIPT_SANDBOXING = YES;
				GCC_C_LANGUAGE_STANDARD = gnu17;
				GCC_DYNAMIC_NO_PIC = NO;
				GCC_NO_COMMON_BLOCKS = YES;
				GCC_OPTIMIZATION_LEVEL = 0;
				GCC_PREPROCESSOR_DEFINITIONS = (
					"DEBUG=1",
					"$(inherited)",
				);
				GCC_WARN_64_TO_32_BIT_CONVERSION = YES;
				GCC_WARN_ABOUT_RETURN_TYPE = YES_ERROR;
				GCC_WARN_UNDECLARED_SELECTOR = YES;
				GCC_WARN_UNINITIALIZED_AUTOS = YES_AGGRESSIVE;
				GCC_WARN_UNUSED_FUNCTION = YES;
				GCC_WARN_UNUSED_VARIABLE = YES;
				IPHONEOS_DEPLOYMENT_TARGET = 17.5;
				LOCALIZATION_PREFERS_STRING_CATALOGS = YES;
				MTL_ENABLE_DEBUG_INFO = INCLUDE_SOURCE;
				MTL_FAST_MATH = YES;
				ONLY_ACTIVE_ARCH = YES;
				SDKROOT = iphoneos;
				SWIFT_ACTIVE_COMPILATION_CONDITIONS = "DEBUG $(inherited)";
				SWIFT_OPTIMIZATION_LEVEL = "-Onone";
			};
			name = Debug;
		};
		BD19EB3E2C189AE90092676A /* Release */ = {
			isa = XCBuildConfiguration;
			buildSettings = {
				ALWAYS_SEARCH_USER_PATHS = NO;
				ASSETCATALOG_COMPILER_GENERATE_SWIFT_ASSET_SYMBOL_EXTENSIONS = YES;
				CLANG_ANALYZER_NONNULL = YES;
				CLANG_ANALYZER_NUMBER_OBJECT_CONVERSION = YES_AGGRESSIVE;
				CLANG_CXX_LANGUAGE_STANDARD = "gnu++20";
				CLANG_ENABLE_MODULES = YES;
				CLANG_ENABLE_OBJC_ARC = YES;
				CLANG_ENABLE_OBJC_WEAK = YES;
				CLANG_WARN_BLOCK_CAPTURE_AUTORELEASING = YES;
				CLANG_WARN_BOOL_CONVERSION = YES;
				CLANG_WARN_COMMA = YES;
				CLANG_WARN_CONSTANT_CONVERSION = YES;
				CLANG_WARN_DEPRECATED_OBJC_IMPLEMENTATIONS = YES;
				CLANG_WARN_DIRECT_OBJC_ISA_USAGE = YES_ERROR;
				CLANG_WARN_DOCUMENTATION_COMMENTS = YES;
				CLANG_WARN_EMPTY_BODY = YES;
				CLANG_WARN_ENUM_CONVERSION = YES;
				CLANG_WARN_INFINITE_RECURSION = YES;
				CLANG_WARN_INT_CONVERSION = YES;
				CLANG_WARN_NON_LITERAL_NULL_CONVERSION = YES;
				CLANG_WARN_OBJC_IMPLICIT_RETAIN_SELF = YES;
				CLANG_WARN_OBJC_LITERAL_CONVERSION = YES;
				CLANG_WARN_OBJC_ROOT_CLASS = YES_ERROR;
				CLANG_WARN_QUOTED_INCLUDE_IN_FRAMEWORK_HEADER = YES;
				CLANG_WARN_RANGE_LOOP_ANALYSIS = YES;
				CLANG_WARN_STRICT_PROTOTYPES = YES;
				CLANG_WARN_SUSPICIOUS_MOVE = YES;
				CLANG_WARN_UNGUARDED_AVAILABILITY = YES_AGGRESSIVE;
				CLANG_WARN_UNREACHABLE_CODE = YES;
				CLANG_WARN__DUPLICATE_METHOD_MATCH = YES;
				COPY_PHASE_STRIP = NO;
				DEBUG_INFORMATION_FORMAT = "dwarf-with-dsym";
				ENABLE_NS_ASSERTIONS = NO;
				ENABLE_STRICT_OBJC_MSGSEND = YES;
				ENABLE_USER_SCRIPT_SANDBOXING = YES;
				GCC_C_LANGUAGE_STANDARD = gnu17;
				GCC_NO_COMMON_BLOCKS = YES;
				GCC_WARN_64_TO_32_BIT_CONVERSION = YES;
				GCC_WARN_ABOUT_RETURN_TYPE = YES_ERROR;
				GCC_WARN_UNDECLARED_SELECTOR = YES;
				GCC_WARN_UNINITIALIZED_AUTOS = YES_AGGRESSIVE;
				GCC_WARN_UNUSED_FUNCTION = YES;
				GCC_WARN_UNUSED_VARIABLE = YES;
				IPHONEOS_DEPLOYMENT_TARGET = 17.5;
				LOCALIZATION_PREFERS_STRING_CATALOGS = YES;
				MTL_ENABLE_DEBUG_INFO = NO;
				MTL_FAST_MATH = YES;
				SDKROOT = iphoneos;
				SWIFT_COMPILATION_MODE = wholemodule;
				VALIDATE_PRODUCT = YES;
			};
			name = Release;
		};
		BD19EB402C189AE90092676A /* Debug */ = {
			isa = XCBuildConfiguration;
			buildSettings = {
				ASSETCATALOG_COMPILER_APPICON_NAME = AppIcon;
				ASSETCATALOG_COMPILER_GLOBAL_ACCENT_COLOR_NAME = AccentColor;
				CODE_SIGN_STYLE = Automatic;
				CURRENT_PROJECT_VERSION = 1;
				DEVELOPMENT_ASSET_PATHS = "\"GeoPac/Preview Content\"";
				ENABLE_PREVIEWS = YES;
				GENERATE_INFOPLIST_FILE = YES;
				INFOPLIST_KEY_UIApplicationSceneManifest_Generation = YES;
				INFOPLIST_KEY_UIApplicationSupportsIndirectInputEvents = YES;
				INFOPLIST_KEY_UILaunchScreen_Generation = YES;
				INFOPLIST_KEY_UISupportedInterfaceOrientations_iPad = "UIInterfaceOrientationPortrait UIInterfaceOrientationPortraitUpsideDown UIInterfaceOrientationLandscapeLeft UIInterfaceOrientationLandscapeRight";
				INFOPLIST_KEY_UISupportedInterfaceOrientations_iPhone = "UIInterfaceOrientationPortrait UIInterfaceOrientationLandscapeLeft UIInterfaceOrientationLandscapeRight";
				LD_RUNPATH_SEARCH_PATHS = (
					"$(inherited)",
					"@executable_path/Frameworks",
				);
				MARKETING_VERSION = 1.0;
				PRODUCT_BUNDLE_IDENTIFIER = KWK.GeoPac;
				PRODUCT_NAME = "$(TARGET_NAME)";
				SWIFT_EMIT_LOC_STRINGS = YES;
				SWIFT_VERSION = 5.0;
				TARGETED_DEVICE_FAMILY = "1,2";
			};
			name = Debug;
		};
		BD19EB412C189AE90092676A /* Release */ = {
			isa = XCBuildConfiguration;
			buildSettings = {
				ASSETCATALOG_COMPILER_APPICON_NAME = AppIcon;
				ASSETCATALOG_COMPILER_GLOBAL_ACCENT_COLOR_NAME = AccentColor;
				CODE_SIGN_STYLE = Automatic;
				CURRENT_PROJECT_VERSION = 1;
				DEVELOPMENT_ASSET_PATHS = "\"GeoPac/Preview Content\"";
				ENABLE_PREVIEWS = YES;
				GENERATE_INFOPLIST_FILE = YES;
				INFOPLIST_KEY_UIApplicationSceneManifest_Generation = YES;
				INFOPLIST_KEY_UIApplicationSupportsIndirectInputEvents = YES;
				INFOPLIST_KEY_UILaunchScreen_Generation = YES;
				INFOPLIST_KEY_UISupportedInterfaceOrientations_iPad = "UIInterfaceOrientationPortrait UIInterfaceOrientationPortraitUpsideDown UIInterfaceOrientationLandscapeLeft UIInterfaceOrientationLandscapeRight";
				INFOPLIST_KEY_UISupportedInterfaceOrientations_iPhone = "UIInterfaceOrientationPortrait UIInterfaceOrientationLandscapeLeft UIInterfaceOrientationLandscapeRight";
				LD_RUNPATH_SEARCH_PATHS = (
					"$(inherited)",
					"@executable_path/Frameworks",
				);
				MARKETING_VERSION = 1.0;
				PRODUCT_BUNDLE_IDENTIFIER = KWK.GeoPac;
				PRODUCT_NAME = "$(TARGET_NAME)";
				SWIFT_EMIT_LOC_STRINGS = YES;
				SWIFT_VERSION = 5.0;
				TARGETED_DEVICE_FAMILY = "1,2";
			};
			name = Release;
		};
/* End XCBuildConfiguration section */

/* Begin XCConfigurationList section */
		BD19EB2C2C189AE70092676A /* Build configuration list for PBXProject "GeoPac" */ = {
			isa = XCConfigurationList;
			buildConfigurations = (
				BD19EB3D2C189AE90092676A /* Debug */,
				BD19EB3E2C189AE90092676A /* Release */,
			);
			defaultConfigurationIsVisible = 0;
			defaultConfigurationName = Release;
		};
		BD19EB3F2C189AE90092676A /* Build configuration list for PBXNativeTarget "GeoPac" */ = {
			isa = XCConfigurationList;
			buildConfigurations = (
				BD19EB402C189AE90092676A /* Debug */,
				BD19EB412C189AE90092676A /* Release */,
			);
			defaultConfigurationIsVisible = 0;
			defaultConfigurationName = Release;
		};
/* End XCConfigurationList section */
	};
	rootObject = BD19EB292C189AE70092676A /* Project object */;
}
